
Microsoft Visual Studio Solution File, Format Version 12.00
# Visual Studio Version 16
VisualStudioVersion = 16.0.31702.278
MinimumVisualStudioVersion = 10.0.40219.1
Project("{8BC9CEB8-8B4A-11D0-8D11-00A0C91BC942}") = "Millennium_Falcon_Space_Apps_team", "Millennium_Falcon_Space_Apps_team\Millennium_Falcon_Space_Apps_team.vcxproj", "{F0C52887-89DE-4E2D-8E83-D36FDBE06B79}"
EndProject
Project("{8BC9CEB8-8B4A-11D0-8D11-00A0C91BC942}") = "Rotation", "Rotation\Rotation.vcxproj", "{56080D63-11AF-459C-964B-9E73EDB56704}"
EndProject
Project("{8BC9CEB8-8B4A-11D0-8D11-00A0C91BC942}") = "Parser", "Parser\Parser.vcxproj", "{4BF94B82-D216-4B0B-91BC-D0C6CB82E519}"
EndProject
Project("{8BC9CEB8-8B4A-11D0-8D11-00A0C91BC942}") = "albedo", "albedo\albedo.vcxproj", "{43F7644D-C609-4D7E-8559-0AD479DA6795}"
EndProject
Global
	GlobalSection(SolutionConfigurationPlatforms) = preSolution
		Debug|x64 = Debug|x64
		Debug|x86 = Debug|x86
		Release|x64 = Release|x64
		Release|x86 = Release|x86
	EndGlobalSection
	GlobalSection(ProjectConfigurationPlatforms) = postSolution
		{F0C52887-89DE-4E2D-8E83-D36FDBE06B79}.Debug|x64.ActiveCfg = Debug|x64
		{F0C52887-89DE-4E2D-8E83-D36FDBE06B79}.Debug|x64.Build.0 = Debug|x64
		{F0C52887-89DE-4E2D-8E83-D36FDBE06B79}.Debug|x86.ActiveCfg = Debug|Win32
		{F0C52887-89DE-4E2D-8E83-D36FDBE06B79}.Debug|x86.Build.0 = Debug|Win32
		{F0C52887-89DE-4E2D-8E83-D36FDBE06B79}.Release|x64.ActiveCfg = Release|x64
		{F0C52887-89DE-4E2D-8E83-D36FDBE06B79}.Release|x64.Build.0 = Release|x64
		{F0C52887-89DE-4E2D-8E83-D36FDBE06B79}.Release|x86.ActiveCfg = Release|Win32
		{F0C52887-89DE-4E2D-8E83-D36FDBE06B79}.Release|x86.Build.0 = Release|Win32
		{56080D63-11AF-459C-964B-9E73EDB56704}.Debug|x64.ActiveCfg = Debug|x64
		{56080D63-11AF-459C-964B-9E73EDB56704}.Debug|x64.Build.0 = Debug|x64
		{56080D63-11AF-459C-964B-9E73EDB56704}.Debug|x86.ActiveCfg = Debug|Win32
		{56080D63-11AF-459C-964B-9E73EDB56704}.Debug|x86.Build.0 = Debug|Win32
		{56080D63-11AF-459C-964B-9E73EDB56704}.Release|x64.ActiveCfg = Release|x64
		{56080D63-11AF-459C-964B-9E73EDB56704}.Release|x64.Build.0 = Release|x64
		{56080D63-11AF-459C-964B-9E73EDB56704}.Release|x86.ActiveCfg = Release|Win32
		{56080D63-11AF-459C-964B-9E73EDB56704}.Release|x86.Build.0 = Release|Win32
		{4BF94B82-D216-4B0B-91BC-D0C6CB82E519}.Debug|x64.ActiveCfg = Debug|x64
		{4BF94B82-D216-4B0B-91BC-D0C6CB82E519}.Debug|x64.Build.0 = Debug|x64
		{4BF94B82-D216-4B0B-91BC-D0C6CB82E519}.Debug|x86.ActiveCfg = Debug|Win32
		{4BF94B82-D216-4B0B-91BC-D0C6CB82E519}.Debug|x86.Build.0 = Debug|Win32
		{4BF94B82-D216-4B0B-91BC-D0C6CB82E519}.Release|x64.ActiveCfg = Release|x64
		{4BF94B82-D216-4B0B-91BC-D0C6CB82E519}.Release|x64.Build.0 = Release|x64
		{4BF94B82-D216-4B0B-91BC-D0C6CB82E519}.Release|x86.ActiveCfg = Release|Win32
		{4BF94B82-D216-4B0B-91BC-D0C6CB82E519}.Release|x86.Build.0 = Release|Win32
		{43F7644D-C609-4D7E-8559-0AD479DA6795}.Debug|x64.ActiveCfg = Debug|x64
		{43F7644D-C609-4D7E-8559-0AD479DA6795}.Debug|x64.Build.0 = Debug|x64
		{43F7644D-C609-4D7E-8559-0AD479DA6795}.Debug|x86.ActiveCfg = Debug|Win32
		{43F7644D-C609-4D7E-8559-0AD479DA6795}.Debug|x86.Build.0 = Debug|Win32
		{43F7644D-C609-4D7E-8559-0AD479DA6795}.Release|x64.ActiveCfg = Release|x64
		{43F7644D-C609-4D7E-8559-0AD479DA6795}.Release|x64.Build.0 = Release|x64
		{43F7644D-C609-4D7E-8559-0AD479DA6795}.Release|x86.ActiveCfg = Release|Win32
		{43F7644D-C609-4D7E-8559-0AD479DA6795}.Release|x86.Build.0 = Release|Win32
	EndGlobalSection
	GlobalSection(SolutionProperties) = preSolution
		HideSolutionNode = FALSE
	EndGlobalSection
	GlobalSection(ExtensibilityGlobals) = postSolution
		SolutionGuid = {4EB907B4-76A4-41F5-B7BD-869F9A024C62}
	EndGlobalSection
EndGlobal
